
Microsoft Visual Studio Solution File, Format Version 12.00
# Visual Studio 2012
Project("{8BC9CEB8-8B4A-11D0-8D11-00A0C91BC942}") = "enetTest", "enetTest\enetTest.vcxproj", "{564384CE-A2B3-46C4-87D0-334506EF4162}"
EndProject
Global
	GlobalSection(SolutionConfigurationPlatforms) = preSolution
		Debug|x64 = Debug|x64
		Release|x64 = Release|x64
	EndGlobalSection
	GlobalSection(ProjectConfigurationPlatforms) = postSolution
		{564384CE-A2B3-46C4-87D0-334506EF4162}.Debug|x64.ActiveCfg = Debug|x64
		{564384CE-A2B3-46C4-87D0-334506EF4162}.Debug|x64.Build.0 = Debug|x64
		{564384CE-A2B3-46C4-87D0-334506EF4162}.Release|x64.ActiveCfg = Release|x64
		{564384CE-A2B3-46C4-87D0-334506EF4162}.Release|x64.Build.0 = Release|x64
	EndGlobalSection
	GlobalSection(SolutionProperties) = preSolution
		HideSolutionNode = FALSE
	EndGlobalSection
EndGlobal
